
Microsoft Visual Studio Solution File, Format Version 12.00
# Visual Studio Version 16
VisualStudioVersion = 16.0.32126.315
MinimumVisualStudioVersion = 10.0.40219.1
Project("{2150E333-8FDC-42A3-9474-1A3956D46DE8}") = "Task_1", "Task_1", "{B90DE8DE-13A2-4B35-9096-967F6A0B484E}"
EndProject
Project("{2150E333-8FDC-42A3-9474-1A3956D46DE8}") = "Task_2", "Task_2", "{0B6A09CF-C29B-460E-BB62-5235330A7E7D}"
EndProject
Project("{2150E333-8FDC-42A3-9474-1A3956D46DE8}") = "Task_3", "Task_3", "{D1799174-E66C-4711-B283-81777FDA9A39}"
EndProject
Project("{9A19103F-16F7-4668-BE54-9A1E7A4F7556}") = "Task2", "Task_2\Task2.csproj", "{869633A1-A169-478B-AEA7-C6067B69D389}"
EndProject
Project("{9A19103F-16F7-4668-BE54-9A1E7A4F7556}") = "Task1", "Task_1\Task1.csproj", "{D732937D-55EF-4C5E-8FF5-112EE067B42F}"
EndProject
Global
	GlobalSection(SolutionConfigurationPlatforms) = preSolution
		Debug|Any CPU = Debug|Any CPU
		Release|Any CPU = Release|Any CPU
	EndGlobalSection
	GlobalSection(ProjectConfigurationPlatforms) = postSolution
		{869633A1-A169-478B-AEA7-C6067B69D389}.Debug|Any CPU.ActiveCfg = Debug|Any CPU
		{869633A1-A169-478B-AEA7-C6067B69D389}.Debug|Any CPU.Build.0 = Debug|Any CPU
		{869633A1-A169-478B-AEA7-C6067B69D389}.Release|Any CPU.ActiveCfg = Release|Any CPU
		{869633A1-A169-478B-AEA7-C6067B69D389}.Release|Any CPU.Build.0 = Release|Any CPU
		{D732937D-55EF-4C5E-8FF5-112EE067B42F}.Debug|Any CPU.ActiveCfg = Debug|Any CPU
		{D732937D-55EF-4C5E-8FF5-112EE067B42F}.Debug|Any CPU.Build.0 = Debug|Any CPU
		{D732937D-55EF-4C5E-8FF5-112EE067B42F}.Release|Any CPU.ActiveCfg = Release|Any CPU
		{D732937D-55EF-4C5E-8FF5-112EE067B42F}.Release|Any CPU.Build.0 = Release|Any CPU
	EndGlobalSection
	GlobalSection(SolutionProperties) = preSolution
		HideSolutionNode = FALSE
	EndGlobalSection
	GlobalSection(NestedProjects) = preSolution
		{869633A1-A169-478B-AEA7-C6067B69D389} = {0B6A09CF-C29B-460E-BB62-5235330A7E7D}
		{D732937D-55EF-4C5E-8FF5-112EE067B42F} = {B90DE8DE-13A2-4B35-9096-967F6A0B484E}
	EndGlobalSection
	GlobalSection(ExtensibilityGlobals) = postSolution
		SolutionGuid = {3BE64BF0-AAB8-429D-9A9A-919AE0842DEB}
	EndGlobalSection
EndGlobal
